
Microsoft Visual Studio Solution File, Format Version 12.00
# Visual Studio Version 16
VisualStudioVersion = 16.0.30128.74
MinimumVisualStudioVersion = 10.0.40219.1
Project("{FAE04EC0-301F-11D3-BF4B-00C04F79EFBC}") = "GiaSach", "GiaSach\GiaSach.csproj", "{52638817-547E-4D7E-BD1C-03EC8AE13F1B}"
EndProject
Global
	GlobalSection(SolutionConfigurationPlatforms) = preSolution
		Debug|Any CPU = Debug|Any CPU
		Release|Any CPU = Release|Any CPU
	EndGlobalSection
	GlobalSection(ProjectConfigurationPlatforms) = postSolution
		{52638817-547E-4D7E-BD1C-03EC8AE13F1B}.Debug|Any CPU.ActiveCfg = Debug|Any CPU
		{52638817-547E-4D7E-BD1C-03EC8AE13F1B}.Debug|Any CPU.Build.0 = Debug|Any CPU
		{52638817-547E-4D7E-BD1C-03EC8AE13F1B}.Release|Any CPU.ActiveCfg = Release|Any CPU
		{52638817-547E-4D7E-BD1C-03EC8AE13F1B}.Release|Any CPU.Build.0 = Release|Any CPU
	EndGlobalSection
	GlobalSection(SolutionProperties) = preSolution
		HideSolutionNode = FALSE
	EndGlobalSection
	GlobalSection(ExtensibilityGlobals) = postSolution
		SolutionGuid = {AD3C2039-7EB6-4C93-B111-05C8B95C6786}
	EndGlobalSection
EndGlobal
